
Microsoft Visual Studio Solution File, Format Version 12.00
# Visual Studio Version 16
VisualStudioVersion = 16.0.31410.357
MinimumVisualStudioVersion = 10.0.40219.1
Project("{FAE04EC0-301F-11D3-BF4B-00C04F79EFBC}") = "BigShool", "BigShool\BigShool.csproj", "{26EB1B45-7810-4177-A6FE-883CA311C032}"
EndProject
Project("{2150E333-8FDC-42A3-9474-1A3956D46DE8}") = "Solution Items", "Solution Items", "{EE52C1FF-A9DC-45BD-9BBC-85B5F1AEA533}"
	ProjectSection(SolutionItems) = preProject
		.editorconfig = .editorconfig
	EndProjectSection
EndProject
Global
	GlobalSection(SolutionConfigurationPlatforms) = preSolution
		Debug|Any CPU = Debug|Any CPU
		Release|Any CPU = Release|Any CPU
	EndGlobalSection
	GlobalSection(ProjectConfigurationPlatforms) = postSolution
		{26EB1B45-7810-4177-A6FE-883CA311C032}.Debug|Any CPU.ActiveCfg = Debug|Any CPU
		{26EB1B45-7810-4177-A6FE-883CA311C032}.Debug|Any CPU.Build.0 = Debug|Any CPU
		{26EB1B45-7810-4177-A6FE-883CA311C032}.Release|Any CPU.ActiveCfg = Release|Any CPU
		{26EB1B45-7810-4177-A6FE-883CA311C032}.Release|Any CPU.Build.0 = Release|Any CPU
	EndGlobalSection
	GlobalSection(SolutionProperties) = preSolution
		HideSolutionNode = FALSE
	EndGlobalSection
	GlobalSection(ExtensibilityGlobals) = postSolution
		SolutionGuid = {4077BA2C-1F01-4229-959C-8913BFDFA608}
	EndGlobalSection
EndGlobal
